
Microsoft Visual Studio Solution File, Format Version 12.00
# Visual Studio Version 17
VisualStudioVersion = 17.3.32811.315
MinimumVisualStudioVersion = 10.0.40219.1
Project("{FAE04EC0-301F-11D3-BF4B-00C04F79EFBC}") = "LabWork1", "LabWork1\LabWork1.csproj", "{0736957C-69C3-406B-B621-FB3026EB9E09}"
EndProject
Project("{2150E333-8FDC-42A3-9474-1A3956D46DE8}") = "Элементы решения", "Элементы решения", "{547C6920-1122-4215-A37C-49C3B53C0364}"
	ProjectSection(SolutionItems) = preProject
		.gitattributes = .gitattributes
		.gitignore = .gitignore
		README.md = README.md
	EndProjectSection
EndProject
Project("{FAE04EC0-301F-11D3-BF4B-00C04F79EFBC}") = "LabWork2.1", "LabWork2.1\LabWork2.1.csproj", "{BC63CF04-F53C-4186-9728-50EB845D0F22}"
EndProject
Project("{FAE04EC0-301F-11D3-BF4B-00C04F79EFBC}") = "LabWork2.2", "LabWork2.2\LabWork2.2.csproj", "{2D4D2CAA-CDC3-4066-B73F-E4D9A633922A}"
EndProject
Project("{FAE04EC0-301F-11D3-BF4B-00C04F79EFBC}") = "LabWork3", "LabWork3\LabWork3.csproj", "{30B8D637-4EAD-485C-9EB1-90ABBFFE8A73}"
EndProject
Project("{FAE04EC0-301F-11D3-BF4B-00C04F79EFBC}") = "LabWork4", "LabWork4\LabWork4.csproj", "{D338C5EB-2559-4C2A-9CAD-55E0F704AEBF}"
EndProject
Project("{FAE04EC0-301F-11D3-BF4B-00C04F79EFBC}") = "LabWork5.1", "LabWork5.1\LabWork5.1.csproj", "{D90B5ED3-F362-4783-BB67-A2B923BF28E0}"
EndProject
Project("{FAE04EC0-301F-11D3-BF4B-00C04F79EFBC}") = "LabWork5.2", "LabWork5.2\LabWork5.2.csproj", "{155EEDC9-16E1-4509-8BD3-C21376BF4898}"
EndProject
Project("{FAE04EC0-301F-11D3-BF4B-00C04F79EFBC}") = "LabWork5.3", "LabWork5.3\LabWork5.3.csproj", "{6B1A9F8A-E46B-494F-8F94-0692439BE085}"
EndProject
Project("{FAE04EC0-301F-11D3-BF4B-00C04F79EFBC}") = "LabWork6.1", "LabWork6.1\LabWork6.1.csproj", "{EA7F5223-4B93-491F-9919-8A892F0FE88C}"
EndProject
Project("{FAE04EC0-301F-11D3-BF4B-00C04F79EFBC}") = "LabWork6.2", "LabWork6.2\LabWork6.2.csproj", "{E842FCF1-4D6E-42DE-87F6-1BA0EB220BEB}"
EndProject
Project("{FAE04EC0-301F-11D3-BF4B-00C04F79EFBC}") = "LabWork7.1-7.2", "LabWork7.1\LabWork7.1-7.2.csproj", "{FD483EEF-FB68-4F79-82FC-0F7DD09A4E47}"
EndProject
Project("{9A19103F-16F7-4668-BE54-9A1E7A4F7556}") = "ControlWork1.2", "ControlWork\ControlWork1.2.csproj", "{90334375-02DF-4257-8016-21C54A780094}"
EndProject
Project("{FAE04EC0-301F-11D3-BF4B-00C04F79EFBC}") = "ControlWork1.1", "ControlWork1.1\ControlWork1.1.csproj", "{FA288D87-E12E-4840-BF63-F68B705E8DAE}"
EndProject
Global
	GlobalSection(SolutionConfigurationPlatforms) = preSolution
		Debug|Any CPU = Debug|Any CPU
		Release|Any CPU = Release|Any CPU
	EndGlobalSection
	GlobalSection(ProjectConfigurationPlatforms) = postSolution
		{0736957C-69C3-406B-B621-FB3026EB9E09}.Debug|Any CPU.ActiveCfg = Debug|Any CPU
		{0736957C-69C3-406B-B621-FB3026EB9E09}.Debug|Any CPU.Build.0 = Debug|Any CPU
		{0736957C-69C3-406B-B621-FB3026EB9E09}.Release|Any CPU.ActiveCfg = Release|Any CPU
		{0736957C-69C3-406B-B621-FB3026EB9E09}.Release|Any CPU.Build.0 = Release|Any CPU
		{BC63CF04-F53C-4186-9728-50EB845D0F22}.Debug|Any CPU.ActiveCfg = Debug|Any CPU
		{BC63CF04-F53C-4186-9728-50EB845D0F22}.Debug|Any CPU.Build.0 = Debug|Any CPU
		{BC63CF04-F53C-4186-9728-50EB845D0F22}.Release|Any CPU.ActiveCfg = Release|Any CPU
		{BC63CF04-F53C-4186-9728-50EB845D0F22}.Release|Any CPU.Build.0 = Release|Any CPU
		{2D4D2CAA-CDC3-4066-B73F-E4D9A633922A}.Debug|Any CPU.ActiveCfg = Debug|Any CPU
		{2D4D2CAA-CDC3-4066-B73F-E4D9A633922A}.Debug|Any CPU.Build.0 = Debug|Any CPU
		{2D4D2CAA-CDC3-4066-B73F-E4D9A633922A}.Release|Any CPU.ActiveCfg = Release|Any CPU
		{2D4D2CAA-CDC3-4066-B73F-E4D9A633922A}.Release|Any CPU.Build.0 = Release|Any CPU
		{30B8D637-4EAD-485C-9EB1-90ABBFFE8A73}.Debug|Any CPU.ActiveCfg = Debug|Any CPU
		{30B8D637-4EAD-485C-9EB1-90ABBFFE8A73}.Debug|Any CPU.Build.0 = Debug|Any CPU
		{30B8D637-4EAD-485C-9EB1-90ABBFFE8A73}.Release|Any CPU.ActiveCfg = Release|Any CPU
		{30B8D637-4EAD-485C-9EB1-90ABBFFE8A73}.Release|Any CPU.Build.0 = Release|Any CPU
		{D338C5EB-2559-4C2A-9CAD-55E0F704AEBF}.Debug|Any CPU.ActiveCfg = Debug|Any CPU
		{D338C5EB-2559-4C2A-9CAD-55E0F704AEBF}.Debug|Any CPU.Build.0 = Debug|Any CPU
		{D338C5EB-2559-4C2A-9CAD-55E0F704AEBF}.Release|Any CPU.ActiveCfg = Release|Any CPU
		{D338C5EB-2559-4C2A-9CAD-55E0F704AEBF}.Release|Any CPU.Build.0 = Release|Any CPU
		{D90B5ED3-F362-4783-BB67-A2B923BF28E0}.Debug|Any CPU.ActiveCfg = Debug|Any CPU
		{D90B5ED3-F362-4783-BB67-A2B923BF28E0}.Debug|Any CPU.Build.0 = Debug|Any CPU
		{D90B5ED3-F362-4783-BB67-A2B923BF28E0}.Release|Any CPU.ActiveCfg = Release|Any CPU
		{D90B5ED3-F362-4783-BB67-A2B923BF28E0}.Release|Any CPU.Build.0 = Release|Any CPU
		{155EEDC9-16E1-4509-8BD3-C21376BF4898}.Debug|Any CPU.ActiveCfg = Debug|Any CPU
		{155EEDC9-16E1-4509-8BD3-C21376BF4898}.Debug|Any CPU.Build.0 = Debug|Any CPU
		{155EEDC9-16E1-4509-8BD3-C21376BF4898}.Release|Any CPU.ActiveCfg = Release|Any CPU
		{155EEDC9-16E1-4509-8BD3-C21376BF4898}.Release|Any CPU.Build.0 = Release|Any CPU
		{6B1A9F8A-E46B-494F-8F94-0692439BE085}.Debug|Any CPU.ActiveCfg = Debug|Any CPU
		{6B1A9F8A-E46B-494F-8F94-0692439BE085}.Debug|Any CPU.Build.0 = Debug|Any CPU
		{6B1A9F8A-E46B-494F-8F94-0692439BE085}.Release|Any CPU.ActiveCfg = Release|Any CPU
		{6B1A9F8A-E46B-494F-8F94-0692439BE085}.Release|Any CPU.Build.0 = Release|Any CPU
		{EA7F5223-4B93-491F-9919-8A892F0FE88C}.Debug|Any CPU.ActiveCfg = Debug|Any CPU
		{EA7F5223-4B93-491F-9919-8A892F0FE88C}.Debug|Any CPU.Build.0 = Debug|Any CPU
		{EA7F5223-4B93-491F-9919-8A892F0FE88C}.Release|Any CPU.ActiveCfg = Release|Any CPU
		{EA7F5223-4B93-491F-9919-8A892F0FE88C}.Release|Any CPU.Build.0 = Release|Any CPU
		{E842FCF1-4D6E-42DE-87F6-1BA0EB220BEB}.Debug|Any CPU.ActiveCfg = Debug|Any CPU
		{E842FCF1-4D6E-42DE-87F6-1BA0EB220BEB}.Debug|Any CPU.Build.0 = Debug|Any CPU
		{E842FCF1-4D6E-42DE-87F6-1BA0EB220BEB}.Release|Any CPU.ActiveCfg = Release|Any CPU
		{E842FCF1-4D6E-42DE-87F6-1BA0EB220BEB}.Release|Any CPU.Build.0 = Release|Any CPU
		{FD483EEF-FB68-4F79-82FC-0F7DD09A4E47}.Debug|Any CPU.ActiveCfg = Debug|Any CPU
		{FD483EEF-FB68-4F79-82FC-0F7DD09A4E47}.Debug|Any CPU.Build.0 = Debug|Any CPU
		{FD483EEF-FB68-4F79-82FC-0F7DD09A4E47}.Release|Any CPU.ActiveCfg = Release|Any CPU
		{FD483EEF-FB68-4F79-82FC-0F7DD09A4E47}.Release|Any CPU.Build.0 = Release|Any CPU
		{90334375-02DF-4257-8016-21C54A780094}.Debug|Any CPU.ActiveCfg = Debug|Any CPU
		{90334375-02DF-4257-8016-21C54A780094}.Debug|Any CPU.Build.0 = Debug|Any CPU
		{90334375-02DF-4257-8016-21C54A780094}.Release|Any CPU.ActiveCfg = Release|Any CPU
		{90334375-02DF-4257-8016-21C54A780094}.Release|Any CPU.Build.0 = Release|Any CPU
		{FA288D87-E12E-4840-BF63-F68B705E8DAE}.Debug|Any CPU.ActiveCfg = Debug|Any CPU
		{FA288D87-E12E-4840-BF63-F68B705E8DAE}.Debug|Any CPU.Build.0 = Debug|Any CPU
		{FA288D87-E12E-4840-BF63-F68B705E8DAE}.Release|Any CPU.ActiveCfg = Release|Any CPU
		{FA288D87-E12E-4840-BF63-F68B705E8DAE}.Release|Any CPU.Build.0 = Release|Any CPU
	EndGlobalSection
	GlobalSection(SolutionProperties) = preSolution
		HideSolutionNode = FALSE
	EndGlobalSection
	GlobalSection(ExtensibilityGlobals) = postSolution
		SolutionGuid = {E9B00F31-A89F-4BA8-8D1F-BBEEFF7662AC}
	EndGlobalSection
EndGlobal
